{
  "name": "nodebb-theme-persona",
  "version": "10.1.67",
  "lockfileVersion": 1,
  "requires": true,
  "dependencies": {
    "pulling": {
      "version": "2.0.0",
      "resolved": "https://registry.npmjs.org/pulling/-/pulling-2.0.0.tgz",
      "integrity": "sha512-FTbrWBDFPZBP75bbeB3+5gXBFO3SCp+LKcUS7wE9Nn3x/RZoIjYzgH5RXT1vSBuyW+5sdguXqBsQjQeRYIKn1A=="
    },
    "striptags": {
      "version": "3.1.1",
      "resolved": "https://registry.npmjs.org/striptags/-/striptags-3.1.1.tgz",
      "integrity": "sha1-yMPn/db7S7OjKjt1LltePjgJPr0="
    }
  }
}
