# THIS IS AN AUTOGENERATED FILE. DO NOT EDIT THIS FILE DIRECTLY.
# yarn lockfile v1


pulling@^2.0.0:
  version "2.0.0"
  resolved "https://registry.yarnpkg.com/pulling/-/pulling-2.0.0.tgz#5793d3b0ff8511a07465fd95a32498e4c2790c5f"
  integrity sha512-FTbrWBDFPZBP75bbeB3+5gXBFO3SCp+LKcUS7wE9Nn3x/RZoIjYzgH5RXT1vSBuyW+5sdguXqBsQjQeRYIKn1A==

striptags@^3.1.1:
  version "3.2.0"
  resolved "https://registry.yarnpkg.com/striptags/-/striptags-3.2.0.tgz#cc74a137db2de8b0b9a370006334161f7dd67052"
  integrity sha512-g45ZOGzHDMe2bdYMdIvdAfCQkCTDMGBazSw1ypMowwGIee7ZQ5dU0rBJ8Jqgl+jAKIv4dbeE1jscZq9wid1Tkw==
