# THIS IS AN AUTOGENERATED FILE. DO NOT EDIT THIS FILE DIRECTLY.
# yarn lockfile v1


pulling@^1.1.0:
  version "1.1.0"
  resolved "https://registry.yarnpkg.com/pulling/-/pulling-1.1.0.tgz#d1460833b623fedcb73c71efb4cbb6824d990749"

striptags@^3.1.0:
  version "3.1.0"
  resolved "https://registry.yarnpkg.com/striptags/-/striptags-3.1.0.tgz#763e534338d9cf542f004a4b1eb099e32d295e44"
